
Microsoft Visual Studio Solution File, Format Version 12.00
# Visual Studio 14
VisualStudioVersion = 14.0.25420.1
MinimumVisualStudioVersion = 10.0.40219.1
Project("{FAE04EC0-301F-11D3-BF4B-00C04F79EFBC}") = "GWA.Service", "GWA.Service\GWA.Service.csproj", "{C3FAB069-9815-4E53-9455-5A102D8BF993}"
EndProject
Project("{FAE04EC0-301F-11D3-BF4B-00C04F79EFBC}") = "GWA.Domaine", "GWA.Domaine\GWA.Domaine.csproj", "{40E3D9C6-6106-4D2F-90C5-128BF9C46864}"
EndProject
Project("{FAE04EC0-301F-11D3-BF4B-00C04F79EFBC}") = "GWA.Data", "GWA.Data\GWA.Data.csproj", "{8812DBE8-3F1E-498D-A73A-AF0E20EE56AC}"
EndProject
Project("{FAE04EC0-301F-11D3-BF4B-00C04F79EFBC}") = "GWA.Service.Pattern", "GWA.Service.Pattern\GWA.Service.Pattern.csproj", "{6550F93E-0014-4669-B456-20E7C17FCF08}"
EndProject
Project("{FAE04EC0-301F-11D3-BF4B-00C04F79EFBC}") = "GWA.API", "GWA.API\GWA.API.csproj", "{0186D82D-AFF3-4CAF-91A7-537D1EE2A062}"
EndProject
Project("{FAE04EC0-301F-11D3-BF4B-00C04F79EFBC}") = "GWA.WEB1", "GWA.WEB1\GWA.WEB1.csproj", "{4FCB4643-4EE2-41CD-A854-88F85739608B}"
EndProject
Global
	GlobalSection(SolutionConfigurationPlatforms) = preSolution
		Debug|Any CPU = Debug|Any CPU
		Release|Any CPU = Release|Any CPU
	EndGlobalSection
	GlobalSection(ProjectConfigurationPlatforms) = postSolution
		{C3FAB069-9815-4E53-9455-5A102D8BF993}.Debug|Any CPU.ActiveCfg = Debug|Any CPU
		{C3FAB069-9815-4E53-9455-5A102D8BF993}.Debug|Any CPU.Build.0 = Debug|Any CPU
		{C3FAB069-9815-4E53-9455-5A102D8BF993}.Release|Any CPU.ActiveCfg = Release|Any CPU
		{C3FAB069-9815-4E53-9455-5A102D8BF993}.Release|Any CPU.Build.0 = Release|Any CPU
		{40E3D9C6-6106-4D2F-90C5-128BF9C46864}.Debug|Any CPU.ActiveCfg = Debug|Any CPU
		{40E3D9C6-6106-4D2F-90C5-128BF9C46864}.Debug|Any CPU.Build.0 = Debug|Any CPU
		{40E3D9C6-6106-4D2F-90C5-128BF9C46864}.Release|Any CPU.ActiveCfg = Release|Any CPU
		{40E3D9C6-6106-4D2F-90C5-128BF9C46864}.Release|Any CPU.Build.0 = Release|Any CPU
		{8812DBE8-3F1E-498D-A73A-AF0E20EE56AC}.Debug|Any CPU.ActiveCfg = Debug|Any CPU
		{8812DBE8-3F1E-498D-A73A-AF0E20EE56AC}.Debug|Any CPU.Build.0 = Debug|Any CPU
		{8812DBE8-3F1E-498D-A73A-AF0E20EE56AC}.Release|Any CPU.ActiveCfg = Release|Any CPU
		{8812DBE8-3F1E-498D-A73A-AF0E20EE56AC}.Release|Any CPU.Build.0 = Release|Any CPU
		{6550F93E-0014-4669-B456-20E7C17FCF08}.Debug|Any CPU.ActiveCfg = Debug|Any CPU
		{6550F93E-0014-4669-B456-20E7C17FCF08}.Debug|Any CPU.Build.0 = Debug|Any CPU
		{6550F93E-0014-4669-B456-20E7C17FCF08}.Release|Any CPU.ActiveCfg = Release|Any CPU
		{6550F93E-0014-4669-B456-20E7C17FCF08}.Release|Any CPU.Build.0 = Release|Any CPU
		{0186D82D-AFF3-4CAF-91A7-537D1EE2A062}.Debug|Any CPU.ActiveCfg = Debug|Any CPU
		{0186D82D-AFF3-4CAF-91A7-537D1EE2A062}.Debug|Any CPU.Build.0 = Debug|Any CPU
		{0186D82D-AFF3-4CAF-91A7-537D1EE2A062}.Release|Any CPU.ActiveCfg = Release|Any CPU
		{0186D82D-AFF3-4CAF-91A7-537D1EE2A062}.Release|Any CPU.Build.0 = Release|Any CPU
		{4FCB4643-4EE2-41CD-A854-88F85739608B}.Debug|Any CPU.ActiveCfg = Debug|Any CPU
		{4FCB4643-4EE2-41CD-A854-88F85739608B}.Debug|Any CPU.Build.0 = Debug|Any CPU
		{4FCB4643-4EE2-41CD-A854-88F85739608B}.Release|Any CPU.ActiveCfg = Release|Any CPU
		{4FCB4643-4EE2-41CD-A854-88F85739608B}.Release|Any CPU.Build.0 = Release|Any CPU
	EndGlobalSection
	GlobalSection(SolutionProperties) = preSolution
		HideSolutionNode = FALSE
	EndGlobalSection
EndGlobal
